
Microsoft Visual Studio Solution File, Format Version 12.00
# Visual Studio Version 17
VisualStudioVersion = 17.3.32804.467
MinimumVisualStudioVersion = 10.0.40219.1
Project("{FAE04EC0-301F-11D3-BF4B-00C04F79EFBC}") = "ReisedauerMond", "ReisedauerMond\ReisedauerMond.csproj", "{E9E1D062-B806-430E-8A7A-7F67178B1143}"
EndProject
Global
	GlobalSection(SolutionConfigurationPlatforms) = preSolution
		Debug|Any CPU = Debug|Any CPU
		Release|Any CPU = Release|Any CPU
	EndGlobalSection
	GlobalSection(ProjectConfigurationPlatforms) = postSolution
		{E9E1D062-B806-430E-8A7A-7F67178B1143}.Debug|Any CPU.ActiveCfg = Debug|Any CPU
		{E9E1D062-B806-430E-8A7A-7F67178B1143}.Debug|Any CPU.Build.0 = Debug|Any CPU
		{E9E1D062-B806-430E-8A7A-7F67178B1143}.Release|Any CPU.ActiveCfg = Release|Any CPU
		{E9E1D062-B806-430E-8A7A-7F67178B1143}.Release|Any CPU.Build.0 = Release|Any CPU
	EndGlobalSection
	GlobalSection(SolutionProperties) = preSolution
		HideSolutionNode = FALSE
	EndGlobalSection
	GlobalSection(ExtensibilityGlobals) = postSolution
		SolutionGuid = {3EF99E53-68C2-433E-943D-CFD2B48F4291}
	EndGlobalSection
EndGlobal
